
Microsoft Visual Studio Solution File, Format Version 12.00
# Visual Studio 15
VisualStudioVersion = 15.0.28307.1622
MinimumVisualStudioVersion = 10.0.40219.1
Project("{FAE04EC0-301F-11D3-BF4B-00C04F79EFBC}") = "week", "week\week.csproj", "{1DE8E7F6-6AE7-49EC-9B55-45724D2207AD}"
EndProject
Global
	GlobalSection(SolutionConfigurationPlatforms) = preSolution
		Debug|Any CPU = Debug|Any CPU
		Release|Any CPU = Release|Any CPU
	EndGlobalSection
	GlobalSection(ProjectConfigurationPlatforms) = postSolution
		{1DE8E7F6-6AE7-49EC-9B55-45724D2207AD}.Debug|Any CPU.ActiveCfg = Debug|Any CPU
		{1DE8E7F6-6AE7-49EC-9B55-45724D2207AD}.Debug|Any CPU.Build.0 = Debug|Any CPU
		{1DE8E7F6-6AE7-49EC-9B55-45724D2207AD}.Release|Any CPU.ActiveCfg = Release|Any CPU
		{1DE8E7F6-6AE7-49EC-9B55-45724D2207AD}.Release|Any CPU.Build.0 = Release|Any CPU
	EndGlobalSection
	GlobalSection(SolutionProperties) = preSolution
		HideSolutionNode = FALSE
	EndGlobalSection
	GlobalSection(ExtensibilityGlobals) = postSolution
		SolutionGuid = {C50F1997-F1AF-45E3-8490-9C81F1F7EF07}
	EndGlobalSection
EndGlobal
